
Microsoft Visual Studio Solution File, Format Version 12.00
# Visual Studio Version 16
VisualStudioVersion = 16.0.28729.10
MinimumVisualStudioVersion = 10.0.40219.1
Project("{9A19103F-16F7-4668-BE54-9A1E7A4F7556}") = "NationalCookies.Data", "NationalCookies.Data\NationalCookies.Data.csproj", "{5574D827-4D97-4B94-B194-332C2F34E6F4}"
EndProject
Project("{9A19103F-16F7-4668-BE54-9A1E7A4F7556}") = "NationalCookies.MVC", "NationalCookies.MVC\NationalCookies.MVC.csproj", "{4750FEA8-ACFE-4C8D-B714-6FD214BAF36B}"
EndProject
Global
	GlobalSection(SolutionConfigurationPlatforms) = preSolution
		Debug|Any CPU = Debug|Any CPU
		Release|Any CPU = Release|Any CPU
	EndGlobalSection
	GlobalSection(ProjectConfigurationPlatforms) = postSolution
		{5574D827-4D97-4B94-B194-332C2F34E6F4}.Debug|Any CPU.ActiveCfg = Debug|Any CPU
		{5574D827-4D97-4B94-B194-332C2F34E6F4}.Debug|Any CPU.Build.0 = Debug|Any CPU
		{5574D827-4D97-4B94-B194-332C2F34E6F4}.Release|Any CPU.ActiveCfg = Release|Any CPU
		{5574D827-4D97-4B94-B194-332C2F34E6F4}.Release|Any CPU.Build.0 = Release|Any CPU
		{4750FEA8-ACFE-4C8D-B714-6FD214BAF36B}.Debug|Any CPU.ActiveCfg = Debug|Any CPU
		{4750FEA8-ACFE-4C8D-B714-6FD214BAF36B}.Debug|Any CPU.Build.0 = Debug|Any CPU
		{4750FEA8-ACFE-4C8D-B714-6FD214BAF36B}.Release|Any CPU.ActiveCfg = Release|Any CPU
		{4750FEA8-ACFE-4C8D-B714-6FD214BAF36B}.Release|Any CPU.Build.0 = Release|Any CPU
	EndGlobalSection
	GlobalSection(SolutionProperties) = preSolution
		HideSolutionNode = FALSE
	EndGlobalSection
	GlobalSection(ExtensibilityGlobals) = postSolution
		SolutionGuid = {EA5B8168-62F1-4194-BA2D-2A4F21B16CF4}
	EndGlobalSection
EndGlobal
